# This file is automatically @generated by Cargo.
# It is not intended for manual editing.
version = 3

[[package]]
name = "autocfg"
version = "1.1.0"
source = "registry+https://github.com/rust-lang/crates.io-index"
checksum = "d468802bab17cbc0cc575e9b053f41e72aa36bfa6b7f55e3529ffa43161b97fa"

[[package]]
name = "cast_trait"
version = "0.1.2"
source = "registry+https://github.com/rust-lang/crates.io-index"
checksum = "c4f8d981c476baadf74cd52897866a1d279d3e14e2d5e2d9af045210e0ae6128"

[[package]]
name = "num-traits"
version = "0.2.15"
source = "registry+https://github.com/rust-lang/crates.io-index"
checksum = "578ede34cf02f8924ab9447f50c28075b4d3e5b269972345e7e0372b38c6cdcd"
dependencies = [
 "autocfg",
]

[[package]]
name = "rust_raytracer"
version = "0.1.0"
dependencies = [
 "vec3",
]

[[package]]
name = "vec3"
version = "0.2.1"
source = "registry+https://github.com/rust-lang/crates.io-index"
checksum = "6ad952cfbcbc36c86769e13cf9ce2203b6ce9271fa54a03f259a35d1930449e1"
dependencies = [
 "cast_trait",
 "num-traits",
]
